
Microsoft Visual Studio Solution File, Format Version 12.00
# Visual Studio 15
VisualStudioVersion = 15.0.27130.2020
MinimumVisualStudioVersion = 10.0.40219.1
Project("{FAE04EC0-301F-11D3-BF4B-00C04F79EFBC}") = "Spekulatius", "Spekulatius\Spekulatius.csproj", "{131B829D-EC70-4329-B78A-087B6E7C880B}"
EndProject
Global
	GlobalSection(SolutionConfigurationPlatforms) = preSolution
		Debug|Any CPU = Debug|Any CPU
		Release|Any CPU = Release|Any CPU
	EndGlobalSection
	GlobalSection(ProjectConfigurationPlatforms) = postSolution
		{131B829D-EC70-4329-B78A-087B6E7C880B}.Debug|Any CPU.ActiveCfg = Debug|Any CPU
		{131B829D-EC70-4329-B78A-087B6E7C880B}.Debug|Any CPU.Build.0 = Debug|Any CPU
		{131B829D-EC70-4329-B78A-087B6E7C880B}.Release|Any CPU.ActiveCfg = Release|Any CPU
		{131B829D-EC70-4329-B78A-087B6E7C880B}.Release|Any CPU.Build.0 = Release|Any CPU
	EndGlobalSection
	GlobalSection(SolutionProperties) = preSolution
		HideSolutionNode = FALSE
	EndGlobalSection
	GlobalSection(ExtensibilityGlobals) = postSolution
		SolutionGuid = {3E0EDADD-4CEE-4B51-810F-956C323170AA}
	EndGlobalSection
EndGlobal
